# This file is automatically @generated by Cargo.
# It is not intended for manual editing.
version = 3

[[package]]
name = "powershell_script"
version = "1.0.4"
source = "registry+https://github.com/rust-lang/crates.io-index"
checksum = "54bde2e1a395c0aee9423072d781610da37b7b120edf17d4da99f83d04f2cd54"

[[package]]
name = "revshell"
version = "0.1.0"
dependencies = [
 "powershell_script",
]
